
Microsoft Visual Studio Solution File, Format Version 12.00
# Visual Studio Version 17
VisualStudioVersion = 17.13.35931.197 d17.13
MinimumVisualStudioVersion = 10.0.40219.1
Project("{FAE04EC0-301F-11D3-BF4B-00C04F79EFBC}") = "ProductClienteHub.API", "ProductClienteHub.API\ProductClienteHub.API.csproj", "{7E42F4B6-D75F-48B7-9C28-95C1A61F4E8D}"
EndProject
Project("{FAE04EC0-301F-11D3-BF4B-00C04F79EFBC}") = "ProductClienteHub.Communication", "ProductClienteHub.Communication\ProductClienteHub.Communication.csproj", "{A1AE36B5-2942-455E-88E1-C7696844EDDA}"
EndProject
Project("{FAE04EC0-301F-11D3-BF4B-00C04F79EFBC}") = "ProductClienteHub.Execptions", "ProductClienteHub.Execptions\ProductClienteHub.Execptions.csproj", "{C94CD438-955F-4C08-AF58-ACFBFF16B81F}"
EndProject
Global
	GlobalSection(SolutionConfigurationPlatforms) = preSolution
		Debug|Any CPU = Debug|Any CPU
		Release|Any CPU = Release|Any CPU
	EndGlobalSection
	GlobalSection(ProjectConfigurationPlatforms) = postSolution
		{7E42F4B6-D75F-48B7-9C28-95C1A61F4E8D}.Debug|Any CPU.ActiveCfg = Debug|Any CPU
		{7E42F4B6-D75F-48B7-9C28-95C1A61F4E8D}.Debug|Any CPU.Build.0 = Debug|Any CPU
		{7E42F4B6-D75F-48B7-9C28-95C1A61F4E8D}.Release|Any CPU.ActiveCfg = Release|Any CPU
		{7E42F4B6-D75F-48B7-9C28-95C1A61F4E8D}.Release|Any CPU.Build.0 = Release|Any CPU
		{A1AE36B5-2942-455E-88E1-C7696844EDDA}.Debug|Any CPU.ActiveCfg = Debug|Any CPU
		{A1AE36B5-2942-455E-88E1-C7696844EDDA}.Debug|Any CPU.Build.0 = Debug|Any CPU
		{A1AE36B5-2942-455E-88E1-C7696844EDDA}.Release|Any CPU.ActiveCfg = Release|Any CPU
		{A1AE36B5-2942-455E-88E1-C7696844EDDA}.Release|Any CPU.Build.0 = Release|Any CPU
		{C94CD438-955F-4C08-AF58-ACFBFF16B81F}.Debug|Any CPU.ActiveCfg = Debug|Any CPU
		{C94CD438-955F-4C08-AF58-ACFBFF16B81F}.Debug|Any CPU.Build.0 = Debug|Any CPU
		{C94CD438-955F-4C08-AF58-ACFBFF16B81F}.Release|Any CPU.ActiveCfg = Release|Any CPU
		{C94CD438-955F-4C08-AF58-ACFBFF16B81F}.Release|Any CPU.Build.0 = Release|Any CPU
	EndGlobalSection
	GlobalSection(SolutionProperties) = preSolution
		HideSolutionNode = FALSE
	EndGlobalSection
	GlobalSection(ExtensibilityGlobals) = postSolution
		SolutionGuid = {49F1AEF1-CD6A-45D0-B64D-F487C4F4C30B}
	EndGlobalSection
EndGlobal
